
Microsoft Visual Studio Solution File, Format Version 12.00
# Visual Studio Version 16
VisualStudioVersion = 16.0.29509.3
MinimumVisualStudioVersion = 10.0.40219.1
Project("{FAE04EC0-301F-11D3-BF4B-00C04F79EFBC}") = "IE.Mobile.Forms.UWP", "IE.Mobile.Forms\IE.Mobile.Forms.UWP\IE.Mobile.Forms.UWP.csproj", "{2D46B9ED-896C-46BC-847A-5D96AF742B93}"
EndProject
Project("{FAE04EC0-301F-11D3-BF4B-00C04F79EFBC}") = "IE.Mobile.Forms.Android", "IE.Mobile.Forms\IE.Mobile.Forms.Android\IE.Mobile.Forms.Android.csproj", "{1B844EF3-2FCC-4936-82FD-6C0A4F8D2076}"
EndProject
Project("{FAE04EC0-301F-11D3-BF4B-00C04F79EFBC}") = "IE.Mobile.Forms.iOS", "IE.Mobile.Forms\IE.Mobile.Forms.iOS\IE.Mobile.Forms.iOS.csproj", "{02402DDB-8942-42F0-8C09-C4A8DCCEA4EA}"
EndProject
Project("{9A19103F-16F7-4668-BE54-9A1E7A4F7556}") = "IE.Mobile.Forms", "IE.Mobile.Forms\IE.Mobile.Forms\IE.Mobile.Forms.csproj", "{05637BF0-5D06-40B6-B472-1C6927A7EDC5}"
EndProject
Project("{2150E333-8FDC-42A3-9474-1A3956D46DE8}") = "UnitTesting", "UnitTesting", "{B0997CEA-7372-4163-844E-6F5AD5525396}"
EndProject
Project("{FAE04EC0-301F-11D3-BF4B-00C04F79EFBC}") = "IE.Mobile.Forms.xUnit", "IE.Mobile.Forms.xUnit\IE.Mobile.Forms.xUnit.csproj", "{A788D1C0-34A0-4EC9-93F5-B5D238F8C650}"
EndProject
Global
	GlobalSection(SolutionConfigurationPlatforms) = preSolution
		Debug|Any CPU = Debug|Any CPU
		Debug|ARM = Debug|ARM
		Debug|iPhone = Debug|iPhone
		Debug|iPhoneSimulator = Debug|iPhoneSimulator
		Debug|x64 = Debug|x64
		Debug|x86 = Debug|x86
		Release|Any CPU = Release|Any CPU
		Release|ARM = Release|ARM
		Release|iPhone = Release|iPhone
		Release|iPhoneSimulator = Release|iPhoneSimulator
		Release|x64 = Release|x64
		Release|x86 = Release|x86
	EndGlobalSection
	GlobalSection(ProjectConfigurationPlatforms) = postSolution
		{2D46B9ED-896C-46BC-847A-5D96AF742B93}.Debug|Any CPU.ActiveCfg = Debug|x86
		{2D46B9ED-896C-46BC-847A-5D96AF742B93}.Debug|Any CPU.Build.0 = Debug|x86
		{2D46B9ED-896C-46BC-847A-5D96AF742B93}.Debug|Any CPU.Deploy.0 = Debug|x86
		{2D46B9ED-896C-46BC-847A-5D96AF742B93}.Debug|ARM.ActiveCfg = Debug|ARM
		{2D46B9ED-896C-46BC-847A-5D96AF742B93}.Debug|ARM.Build.0 = Debug|ARM
		{2D46B9ED-896C-46BC-847A-5D96AF742B93}.Debug|ARM.Deploy.0 = Debug|ARM
		{2D46B9ED-896C-46BC-847A-5D96AF742B93}.Debug|iPhone.ActiveCfg = Debug|x86
		{2D46B9ED-896C-46BC-847A-5D96AF742B93}.Debug|iPhone.Build.0 = Debug|x86
		{2D46B9ED-896C-46BC-847A-5D96AF742B93}.Debug|iPhone.Deploy.0 = Debug|x86
		{2D46B9ED-896C-46BC-847A-5D96AF742B93}.Debug|iPhoneSimulator.ActiveCfg = Debug|x86
		{2D46B9ED-896C-46BC-847A-5D96AF742B93}.Debug|iPhoneSimulator.Build.0 = Debug|x86
		{2D46B9ED-896C-46BC-847A-5D96AF742B93}.Debug|iPhoneSimulator.Deploy.0 = Debug|x86
		{2D46B9ED-896C-46BC-847A-5D96AF742B93}.Debug|x64.ActiveCfg = Debug|x64
		{2D46B9ED-896C-46BC-847A-5D96AF742B93}.Debug|x64.Build.0 = Debug|x64
		{2D46B9ED-896C-46BC-847A-5D96AF742B93}.Debug|x64.Deploy.0 = Debug|x64
		{2D46B9ED-896C-46BC-847A-5D96AF742B93}.Debug|x86.ActiveCfg = Debug|x86
		{2D46B9ED-896C-46BC-847A-5D96AF742B93}.Debug|x86.Build.0 = Debug|x86
		{2D46B9ED-896C-46BC-847A-5D96AF742B93}.Debug|x86.Deploy.0 = Debug|x86
		{2D46B9ED-896C-46BC-847A-5D96AF742B93}.Release|Any CPU.ActiveCfg = Release|x86
		{2D46B9ED-896C-46BC-847A-5D96AF742B93}.Release|Any CPU.Build.0 = Release|x86
		{2D46B9ED-896C-46BC-847A-5D96AF742B93}.Release|Any CPU.Deploy.0 = Release|x86
		{2D46B9ED-896C-46BC-847A-5D96AF742B93}.Release|ARM.ActiveCfg = Release|ARM
		{2D46B9ED-896C-46BC-847A-5D96AF742B93}.Release|ARM.Build.0 = Release|ARM
		{2D46B9ED-896C-46BC-847A-5D96AF742B93}.Release|ARM.Deploy.0 = Release|ARM
		{2D46B9ED-896C-46BC-847A-5D96AF742B93}.Release|iPhone.ActiveCfg = Release|x86
		{2D46B9ED-896C-46BC-847A-5D96AF742B93}.Release|iPhone.Build.0 = Release|x86
		{2D46B9ED-896C-46BC-847A-5D96AF742B93}.Release|iPhone.Deploy.0 = Release|x86
		{2D46B9ED-896C-46BC-847A-5D96AF742B93}.Release|iPhoneSimulator.ActiveCfg = Release|x86
		{2D46B9ED-896C-46BC-847A-5D96AF742B93}.Release|iPhoneSimulator.Build.0 = Release|x86
		{2D46B9ED-896C-46BC-847A-5D96AF742B93}.Release|iPhoneSimulator.Deploy.0 = Release|x86
		{2D46B9ED-896C-46BC-847A-5D96AF742B93}.Release|x64.ActiveCfg = Release|x64
		{2D46B9ED-896C-46BC-847A-5D96AF742B93}.Release|x64.Build.0 = Release|x64
		{2D46B9ED-896C-46BC-847A-5D96AF742B93}.Release|x64.Deploy.0 = Release|x64
		{2D46B9ED-896C-46BC-847A-5D96AF742B93}.Release|x86.ActiveCfg = Release|x86
		{2D46B9ED-896C-46BC-847A-5D96AF742B93}.Release|x86.Build.0 = Release|x86
		{2D46B9ED-896C-46BC-847A-5D96AF742B93}.Release|x86.Deploy.0 = Release|x86
		{1B844EF3-2FCC-4936-82FD-6C0A4F8D2076}.Debug|Any CPU.ActiveCfg = Debug|Any CPU
		{1B844EF3-2FCC-4936-82FD-6C0A4F8D2076}.Debug|Any CPU.Build.0 = Debug|Any CPU
		{1B844EF3-2FCC-4936-82FD-6C0A4F8D2076}.Debug|Any CPU.Deploy.0 = Debug|Any CPU
		{1B844EF3-2FCC-4936-82FD-6C0A4F8D2076}.Debug|ARM.ActiveCfg = Debug|Any CPU
		{1B844EF3-2FCC-4936-82FD-6C0A4F8D2076}.Debug|ARM.Build.0 = Debug|Any CPU
		{1B844EF3-2FCC-4936-82FD-6C0A4F8D2076}.Debug|ARM.Deploy.0 = Debug|Any CPU
		{1B844EF3-2FCC-4936-82FD-6C0A4F8D2076}.Debug|iPhone.ActiveCfg = Debug|Any CPU
		{1B844EF3-2FCC-4936-82FD-6C0A4F8D2076}.Debug|iPhone.Build.0 = Debug|Any CPU
		{1B844EF3-2FCC-4936-82FD-6C0A4F8D2076}.Debug|iPhone.Deploy.0 = Debug|Any CPU
		{1B844EF3-2FCC-4936-82FD-6C0A4F8D2076}.Debug|iPhoneSimulator.ActiveCfg = Debug|Any CPU
		{1B844EF3-2FCC-4936-82FD-6C0A4F8D2076}.Debug|iPhoneSimulator.Build.0 = Debug|Any CPU
		{1B844EF3-2FCC-4936-82FD-6C0A4F8D2076}.Debug|iPhoneSimulator.Deploy.0 = Debug|Any CPU
		{1B844EF3-2FCC-4936-82FD-6C0A4F8D2076}.Debug|x64.ActiveCfg = Debug|Any CPU
		{1B844EF3-2FCC-4936-82FD-6C0A4F8D2076}.Debug|x64.Build.0 = Debug|Any CPU
		{1B844EF3-2FCC-4936-82FD-6C0A4F8D2076}.Debug|x64.Deploy.0 = Debug|Any CPU
		{1B844EF3-2FCC-4936-82FD-6C0A4F8D2076}.Debug|x86.ActiveCfg = Debug|Any CPU
		{1B844EF3-2FCC-4936-82FD-6C0A4F8D2076}.Debug|x86.Build.0 = Debug|Any CPU
		{1B844EF3-2FCC-4936-82FD-6C0A4F8D2076}.Debug|x86.Deploy.0 = Debug|Any CPU
		{1B844EF3-2FCC-4936-82FD-6C0A4F8D2076}.Release|Any CPU.ActiveCfg = Release|Any CPU
		{1B844EF3-2FCC-4936-82FD-6C0A4F8D2076}.Release|Any CPU.Build.0 = Release|Any CPU
		{1B844EF3-2FCC-4936-82FD-6C0A4F8D2076}.Release|Any CPU.Deploy.0 = Release|Any CPU
		{1B844EF3-2FCC-4936-82FD-6C0A4F8D2076}.Release|ARM.ActiveCfg = Release|Any CPU
		{1B844EF3-2FCC-4936-82FD-6C0A4F8D2076}.Release|ARM.Build.0 = Release|Any CPU
		{1B844EF3-2FCC-4936-82FD-6C0A4F8D2076}.Release|ARM.Deploy.0 = Release|Any CPU
		{1B844EF3-2FCC-4936-82FD-6C0A4F8D2076}.Release|iPhone.ActiveCfg = Release|Any CPU
		{1B844EF3-2FCC-4936-82FD-6C0A4F8D2076}.Release|iPhone.Build.0 = Release|Any CPU
		{1B844EF3-2FCC-4936-82FD-6C0A4F8D2076}.Release|iPhone.Deploy.0 = Release|Any CPU
		{1B844EF3-2FCC-4936-82FD-6C0A4F8D2076}.Release|iPhoneSimulator.ActiveCfg = Release|Any CPU
		{1B844EF3-2FCC-4936-82FD-6C0A4F8D2076}.Release|iPhoneSimulator.Build.0 = Release|Any CPU
		{1B844EF3-2FCC-4936-82FD-6C0A4F8D2076}.Release|iPhoneSimulator.Deploy.0 = Release|Any CPU
		{1B844EF3-2FCC-4936-82FD-6C0A4F8D2076}.Release|x64.ActiveCfg = Release|Any CPU
		{1B844EF3-2FCC-4936-82FD-6C0A4F8D2076}.Release|x64.Build.0 = Release|Any CPU
		{1B844EF3-2FCC-4936-82FD-6C0A4F8D2076}.Release|x64.Deploy.0 = Release|Any CPU
		{1B844EF3-2FCC-4936-82FD-6C0A4F8D2076}.Release|x86.ActiveCfg = Release|Any CPU
		{1B844EF3-2FCC-4936-82FD-6C0A4F8D2076}.Release|x86.Build.0 = Release|Any CPU
		{1B844EF3-2FCC-4936-82FD-6C0A4F8D2076}.Release|x86.Deploy.0 = Release|Any CPU
		{02402DDB-8942-42F0-8C09-C4A8DCCEA4EA}.Debug|Any CPU.ActiveCfg = Debug|iPhone
		{02402DDB-8942-42F0-8C09-C4A8DCCEA4EA}.Debug|Any CPU.Build.0 = Debug|iPhone
		{02402DDB-8942-42F0-8C09-C4A8DCCEA4EA}.Debug|Any CPU.Deploy.0 = Debug|iPhone
		{02402DDB-8942-42F0-8C09-C4A8DCCEA4EA}.Debug|ARM.ActiveCfg = Debug|iPhoneSimulator
		{02402DDB-8942-42F0-8C09-C4A8DCCEA4EA}.Debug|ARM.Build.0 = Debug|iPhoneSimulator
		{02402DDB-8942-42F0-8C09-C4A8DCCEA4EA}.Debug|ARM.Deploy.0 = Debug|iPhoneSimulator
		{02402DDB-8942-42F0-8C09-C4A8DCCEA4EA}.Debug|iPhone.ActiveCfg = Debug|iPhone
		{02402DDB-8942-42F0-8C09-C4A8DCCEA4EA}.Debug|iPhone.Build.0 = Debug|iPhone
		{02402DDB-8942-42F0-8C09-C4A8DCCEA4EA}.Debug|iPhone.Deploy.0 = Debug|iPhone
		{02402DDB-8942-42F0-8C09-C4A8DCCEA4EA}.Debug|iPhoneSimulator.ActiveCfg = Debug|iPhoneSimulator
		{02402DDB-8942-42F0-8C09-C4A8DCCEA4EA}.Debug|iPhoneSimulator.Build.0 = Debug|iPhoneSimulator
		{02402DDB-8942-42F0-8C09-C4A8DCCEA4EA}.Debug|iPhoneSimulator.Deploy.0 = Debug|iPhoneSimulator
		{02402DDB-8942-42F0-8C09-C4A8DCCEA4EA}.Debug|x64.ActiveCfg = Debug|iPhone
		{02402DDB-8942-42F0-8C09-C4A8DCCEA4EA}.Debug|x64.Build.0 = Debug|iPhone
		{02402DDB-8942-42F0-8C09-C4A8DCCEA4EA}.Debug|x64.Deploy.0 = Debug|iPhone
		{02402DDB-8942-42F0-8C09-C4A8DCCEA4EA}.Debug|x86.ActiveCfg = Debug|iPhone
		{02402DDB-8942-42F0-8C09-C4A8DCCEA4EA}.Debug|x86.Build.0 = Debug|iPhone
		{02402DDB-8942-42F0-8C09-C4A8DCCEA4EA}.Debug|x86.Deploy.0 = Debug|iPhone
		{02402DDB-8942-42F0-8C09-C4A8DCCEA4EA}.Release|Any CPU.ActiveCfg = Release|iPhone
		{02402DDB-8942-42F0-8C09-C4A8DCCEA4EA}.Release|Any CPU.Build.0 = Release|iPhone
		{02402DDB-8942-42F0-8C09-C4A8DCCEA4EA}.Release|Any CPU.Deploy.0 = Release|iPhone
		{02402DDB-8942-42F0-8C09-C4A8DCCEA4EA}.Release|ARM.ActiveCfg = Release|iPhone
		{02402DDB-8942-42F0-8C09-C4A8DCCEA4EA}.Release|ARM.Build.0 = Release|iPhone
		{02402DDB-8942-42F0-8C09-C4A8DCCEA4EA}.Release|ARM.Deploy.0 = Release|iPhone
		{02402DDB-8942-42F0-8C09-C4A8DCCEA4EA}.Release|iPhone.ActiveCfg = Release|iPhone
		{02402DDB-8942-42F0-8C09-C4A8DCCEA4EA}.Release|iPhone.Build.0 = Release|iPhone
		{02402DDB-8942-42F0-8C09-C4A8DCCEA4EA}.Release|iPhone.Deploy.0 = Release|iPhone
		{02402DDB-8942-42F0-8C09-C4A8DCCEA4EA}.Release|iPhoneSimulator.ActiveCfg = Release|iPhoneSimulator
		{02402DDB-8942-42F0-8C09-C4A8DCCEA4EA}.Release|iPhoneSimulator.Build.0 = Release|iPhoneSimulator
		{02402DDB-8942-42F0-8C09-C4A8DCCEA4EA}.Release|iPhoneSimulator.Deploy.0 = Release|iPhoneSimulator
		{02402DDB-8942-42F0-8C09-C4A8DCCEA4EA}.Release|x64.ActiveCfg = Release|iPhone
		{02402DDB-8942-42F0-8C09-C4A8DCCEA4EA}.Release|x64.Build.0 = Release|iPhone
		{02402DDB-8942-42F0-8C09-C4A8DCCEA4EA}.Release|x64.Deploy.0 = Release|iPhone
		{02402DDB-8942-42F0-8C09-C4A8DCCEA4EA}.Release|x86.ActiveCfg = Release|iPhone
		{02402DDB-8942-42F0-8C09-C4A8DCCEA4EA}.Release|x86.Build.0 = Release|iPhone
		{02402DDB-8942-42F0-8C09-C4A8DCCEA4EA}.Release|x86.Deploy.0 = Release|iPhone
		{05637BF0-5D06-40B6-B472-1C6927A7EDC5}.Debug|Any CPU.ActiveCfg = Debug|Any CPU
		{05637BF0-5D06-40B6-B472-1C6927A7EDC5}.Debug|Any CPU.Build.0 = Debug|Any CPU
		{05637BF0-5D06-40B6-B472-1C6927A7EDC5}.Debug|Any CPU.Deploy.0 = Debug|Any CPU
		{05637BF0-5D06-40B6-B472-1C6927A7EDC5}.Debug|ARM.ActiveCfg = Debug|Any CPU
		{05637BF0-5D06-40B6-B472-1C6927A7EDC5}.Debug|ARM.Build.0 = Debug|Any CPU
		{05637BF0-5D06-40B6-B472-1C6927A7EDC5}.Debug|ARM.Deploy.0 = Debug|Any CPU
		{05637BF0-5D06-40B6-B472-1C6927A7EDC5}.Debug|iPhone.ActiveCfg = Debug|Any CPU
		{05637BF0-5D06-40B6-B472-1C6927A7EDC5}.Debug|iPhone.Build.0 = Debug|Any CPU
		{05637BF0-5D06-40B6-B472-1C6927A7EDC5}.Debug|iPhone.Deploy.0 = Debug|Any CPU
		{05637BF0-5D06-40B6-B472-1C6927A7EDC5}.Debug|iPhoneSimulator.ActiveCfg = Debug|Any CPU
		{05637BF0-5D06-40B6-B472-1C6927A7EDC5}.Debug|iPhoneSimulator.Build.0 = Debug|Any CPU
		{05637BF0-5D06-40B6-B472-1C6927A7EDC5}.Debug|iPhoneSimulator.Deploy.0 = Debug|Any CPU
		{05637BF0-5D06-40B6-B472-1C6927A7EDC5}.Debug|x64.ActiveCfg = Debug|Any CPU
		{05637BF0-5D06-40B6-B472-1C6927A7EDC5}.Debug|x64.Build.0 = Debug|Any CPU
		{05637BF0-5D06-40B6-B472-1C6927A7EDC5}.Debug|x64.Deploy.0 = Debug|Any CPU
		{05637BF0-5D06-40B6-B472-1C6927A7EDC5}.Debug|x86.ActiveCfg = Debug|Any CPU
		{05637BF0-5D06-40B6-B472-1C6927A7EDC5}.Debug|x86.Build.0 = Debug|Any CPU
		{05637BF0-5D06-40B6-B472-1C6927A7EDC5}.Debug|x86.Deploy.0 = Debug|Any CPU
		{05637BF0-5D06-40B6-B472-1C6927A7EDC5}.Release|Any CPU.ActiveCfg = Release|Any CPU
		{05637BF0-5D06-40B6-B472-1C6927A7EDC5}.Release|Any CPU.Build.0 = Release|Any CPU
		{05637BF0-5D06-40B6-B472-1C6927A7EDC5}.Release|Any CPU.Deploy.0 = Release|Any CPU
		{05637BF0-5D06-40B6-B472-1C6927A7EDC5}.Release|ARM.ActiveCfg = Release|Any CPU
		{05637BF0-5D06-40B6-B472-1C6927A7EDC5}.Release|ARM.Build.0 = Release|Any CPU
		{05637BF0-5D06-40B6-B472-1C6927A7EDC5}.Release|ARM.Deploy.0 = Release|Any CPU
		{05637BF0-5D06-40B6-B472-1C6927A7EDC5}.Release|iPhone.ActiveCfg = Release|Any CPU
		{05637BF0-5D06-40B6-B472-1C6927A7EDC5}.Release|iPhone.Build.0 = Release|Any CPU
		{05637BF0-5D06-40B6-B472-1C6927A7EDC5}.Release|iPhone.Deploy.0 = Release|Any CPU
		{05637BF0-5D06-40B6-B472-1C6927A7EDC5}.Release|iPhoneSimulator.ActiveCfg = Release|Any CPU
		{05637BF0-5D06-40B6-B472-1C6927A7EDC5}.Release|iPhoneSimulator.Build.0 = Release|Any CPU
		{05637BF0-5D06-40B6-B472-1C6927A7EDC5}.Release|iPhoneSimulator.Deploy.0 = Release|Any CPU
		{05637BF0-5D06-40B6-B472-1C6927A7EDC5}.Release|x64.ActiveCfg = Release|Any CPU
		{05637BF0-5D06-40B6-B472-1C6927A7EDC5}.Release|x64.Build.0 = Release|Any CPU
		{05637BF0-5D06-40B6-B472-1C6927A7EDC5}.Release|x64.Deploy.0 = Release|Any CPU
		{05637BF0-5D06-40B6-B472-1C6927A7EDC5}.Release|x86.ActiveCfg = Release|Any CPU
		{05637BF0-5D06-40B6-B472-1C6927A7EDC5}.Release|x86.Build.0 = Release|Any CPU
		{05637BF0-5D06-40B6-B472-1C6927A7EDC5}.Release|x86.Deploy.0 = Release|Any CPU
		{A788D1C0-34A0-4EC9-93F5-B5D238F8C650}.Debug|Any CPU.ActiveCfg = Debug|Any CPU
		{A788D1C0-34A0-4EC9-93F5-B5D238F8C650}.Debug|Any CPU.Build.0 = Debug|Any CPU
		{A788D1C0-34A0-4EC9-93F5-B5D238F8C650}.Debug|ARM.ActiveCfg = Debug|Any CPU
		{A788D1C0-34A0-4EC9-93F5-B5D238F8C650}.Debug|ARM.Build.0 = Debug|Any CPU
		{A788D1C0-34A0-4EC9-93F5-B5D238F8C650}.Debug|iPhone.ActiveCfg = Debug|Any CPU
		{A788D1C0-34A0-4EC9-93F5-B5D238F8C650}.Debug|iPhone.Build.0 = Debug|Any CPU
		{A788D1C0-34A0-4EC9-93F5-B5D238F8C650}.Debug|iPhoneSimulator.ActiveCfg = Debug|Any CPU
		{A788D1C0-34A0-4EC9-93F5-B5D238F8C650}.Debug|iPhoneSimulator.Build.0 = Debug|Any CPU
		{A788D1C0-34A0-4EC9-93F5-B5D238F8C650}.Debug|x64.ActiveCfg = Debug|Any CPU
		{A788D1C0-34A0-4EC9-93F5-B5D238F8C650}.Debug|x64.Build.0 = Debug|Any CPU
		{A788D1C0-34A0-4EC9-93F5-B5D238F8C650}.Debug|x86.ActiveCfg = Debug|Any CPU
		{A788D1C0-34A0-4EC9-93F5-B5D238F8C650}.Debug|x86.Build.0 = Debug|Any CPU
		{A788D1C0-34A0-4EC9-93F5-B5D238F8C650}.Release|Any CPU.ActiveCfg = Release|Any CPU
		{A788D1C0-34A0-4EC9-93F5-B5D238F8C650}.Release|Any CPU.Build.0 = Release|Any CPU
		{A788D1C0-34A0-4EC9-93F5-B5D238F8C650}.Release|ARM.ActiveCfg = Release|Any CPU
		{A788D1C0-34A0-4EC9-93F5-B5D238F8C650}.Release|ARM.Build.0 = Release|Any CPU
		{A788D1C0-34A0-4EC9-93F5-B5D238F8C650}.Release|iPhone.ActiveCfg = Release|Any CPU
		{A788D1C0-34A0-4EC9-93F5-B5D238F8C650}.Release|iPhone.Build.0 = Release|Any CPU
		{A788D1C0-34A0-4EC9-93F5-B5D238F8C650}.Release|iPhoneSimulator.ActiveCfg = Release|Any CPU
		{A788D1C0-34A0-4EC9-93F5-B5D238F8C650}.Release|iPhoneSimulator.Build.0 = Release|Any CPU
		{A788D1C0-34A0-4EC9-93F5-B5D238F8C650}.Release|x64.ActiveCfg = Release|Any CPU
		{A788D1C0-34A0-4EC9-93F5-B5D238F8C650}.Release|x64.Build.0 = Release|Any CPU
		{A788D1C0-34A0-4EC9-93F5-B5D238F8C650}.Release|x86.ActiveCfg = Release|Any CPU
		{A788D1C0-34A0-4EC9-93F5-B5D238F8C650}.Release|x86.Build.0 = Release|Any CPU
	EndGlobalSection
	GlobalSection(SolutionProperties) = preSolution
		HideSolutionNode = FALSE
	EndGlobalSection
	GlobalSection(NestedProjects) = preSolution
		{A788D1C0-34A0-4EC9-93F5-B5D238F8C650} = {B0997CEA-7372-4163-844E-6F5AD5525396}
	EndGlobalSection
	GlobalSection(ExtensibilityGlobals) = postSolution
		SolutionGuid = {AAA76009-AB3A-4256-8332-74BB5A32992C}
	EndGlobalSection
	GlobalSection(TeamFoundationVersionControl) = preSolution
		SccNumberOfProjects = 6
		SccEnterpriseProvider = {4CA58AB2-18FA-4F8D-95D4-32DDF27D184C}
		SccTeamFoundationServer = https://dangerchcovich.visualstudio.com/
		SccLocalPath0 = .
		SccProjectUniqueName1 = IE.Mobile.Forms\\IE.Mobile.Forms.Android\\IE.Mobile.Forms.Android.csproj
		SccProjectName1 = IE.Mobile.Forms/IE.Mobile.Forms.Android
		SccLocalPath1 = IE.Mobile.Forms\\IE.Mobile.Forms.Android
		SccProjectUniqueName2 = IE.Mobile.Forms\\IE.Mobile.Forms.iOS\\IE.Mobile.Forms.iOS.csproj
		SccProjectName2 = IE.Mobile.Forms/IE.Mobile.Forms.iOS
		SccLocalPath2 = IE.Mobile.Forms\\IE.Mobile.Forms.iOS
		SccProjectUniqueName3 = IE.Mobile.Forms\\IE.Mobile.Forms.UWP\\IE.Mobile.Forms.UWP.csproj
		SccProjectName3 = IE.Mobile.Forms/IE.Mobile.Forms.UWP
		SccLocalPath3 = IE.Mobile.Forms\\IE.Mobile.Forms.UWP
		SccProjectUniqueName4 = IE.Mobile.Forms\\IE.Mobile.Forms\\IE.Mobile.Forms.csproj
		SccProjectName4 = IE.Mobile.Forms/IE.Mobile.Forms
		SccLocalPath4 = IE.Mobile.Forms\\IE.Mobile.Forms
		SccProjectUniqueName5 = IE.Mobile.Forms.xUnit\\IE.Mobile.Forms.xUnit.csproj
		SccProjectTopLevelParentUniqueName5 = IE.Mobile.Forms.sln
		SccProjectName5 = IE.Mobile.Forms.xUnit
		SccLocalPath5 = IE.Mobile.Forms.xUnit
	EndGlobalSection
EndGlobal
